
Microsoft Visual Studio Solution File, Format Version 12.00
# Visual Studio Version 16
VisualStudioVersion = 16.0.29519.87
MinimumVisualStudioVersion = 10.0.40219.1
Project("{FAE04EC0-301F-11D3-BF4B-00C04F79EFBC}") = "MathItems", "MathItems\MathItems.csproj", "{AEA7E218-EE24-4D60-B2C3-011A509E975E}"
EndProject
Global
	GlobalSection(SolutionConfigurationPlatforms) = preSolution
		Debug|Any CPU = Debug|Any CPU
		Release|Any CPU = Release|Any CPU
	EndGlobalSection
	GlobalSection(ProjectConfigurationPlatforms) = postSolution
		{AEA7E218-EE24-4D60-B2C3-011A509E975E}.Debug|Any CPU.ActiveCfg = Debug|Any CPU
		{AEA7E218-EE24-4D60-B2C3-011A509E975E}.Debug|Any CPU.Build.0 = Debug|Any CPU
		{AEA7E218-EE24-4D60-B2C3-011A509E975E}.Release|Any CPU.ActiveCfg = Release|Any CPU
		{AEA7E218-EE24-4D60-B2C3-011A509E975E}.Release|Any CPU.Build.0 = Release|Any CPU
	EndGlobalSection
	GlobalSection(SolutionProperties) = preSolution
		HideSolutionNode = FALSE
	EndGlobalSection
	GlobalSection(ExtensibilityGlobals) = postSolution
		SolutionGuid = {98312EED-0019-4A8C-930A-EA1D94A5CFE1}
	EndGlobalSection
EndGlobal
